
Microsoft Visual Studio Solution File, Format Version 12.00
# Visual Studio 15
VisualStudioVersion = 15.0.26228.10
MinimumVisualStudioVersion = 10.0.40219.1
Project("{FAE04EC0-301F-11D3-BF4B-00C04F79EFBC}") = "KellyHoshira.ConsoleApp", "KellyHoshira.ConsoleApp\KellyHoshira.ConsoleApp.csproj", "{88B8F32F-C9E0-4093-9771-5B790DA5646B}"
EndProject
Project("{FAE04EC0-301F-11D3-BF4B-00C04F79EFBC}") = "KellyHoshira.Core", "KellyHoshira.Core\KellyHoshira.Core.csproj", "{F223C29F-BA33-4348-95B7-1FA2EAA0A64E}"
EndProject
Project("{FAE04EC0-301F-11D3-BF4B-00C04F79EFBC}") = "KellyHoshira.WPFApp", "KellyHoshira.WPFApp\KellyHoshira.WPFApp.csproj", "{FF283EC9-638A-4D54-8145-5F0B2D1DB368}"
EndProject
Global
	GlobalSection(SolutionConfigurationPlatforms) = preSolution
		Debug|Any CPU = Debug|Any CPU
		Release|Any CPU = Release|Any CPU
	EndGlobalSection
	GlobalSection(ProjectConfigurationPlatforms) = postSolution
		{88B8F32F-C9E0-4093-9771-5B790DA5646B}.Debug|Any CPU.ActiveCfg = Debug|Any CPU
		{88B8F32F-C9E0-4093-9771-5B790DA5646B}.Debug|Any CPU.Build.0 = Debug|Any CPU
		{88B8F32F-C9E0-4093-9771-5B790DA5646B}.Release|Any CPU.ActiveCfg = Release|Any CPU
		{88B8F32F-C9E0-4093-9771-5B790DA5646B}.Release|Any CPU.Build.0 = Release|Any CPU
		{F223C29F-BA33-4348-95B7-1FA2EAA0A64E}.Debug|Any CPU.ActiveCfg = Debug|Any CPU
		{F223C29F-BA33-4348-95B7-1FA2EAA0A64E}.Debug|Any CPU.Build.0 = Debug|Any CPU
		{F223C29F-BA33-4348-95B7-1FA2EAA0A64E}.Release|Any CPU.ActiveCfg = Release|Any CPU
		{F223C29F-BA33-4348-95B7-1FA2EAA0A64E}.Release|Any CPU.Build.0 = Release|Any CPU
		{FF283EC9-638A-4D54-8145-5F0B2D1DB368}.Debug|Any CPU.ActiveCfg = Debug|Any CPU
		{FF283EC9-638A-4D54-8145-5F0B2D1DB368}.Debug|Any CPU.Build.0 = Debug|Any CPU
		{FF283EC9-638A-4D54-8145-5F0B2D1DB368}.Release|Any CPU.ActiveCfg = Release|Any CPU
		{FF283EC9-638A-4D54-8145-5F0B2D1DB368}.Release|Any CPU.Build.0 = Release|Any CPU
	EndGlobalSection
	GlobalSection(SolutionProperties) = preSolution
		HideSolutionNode = FALSE
	EndGlobalSection
EndGlobal
